
Microsoft Visual Studio Solution File, Format Version 12.00
# Visual Studio Version 17
VisualStudioVersion = 17.8.34330.188
MinimumVisualStudioVersion = 10.0.40219.1
Project("{FAE04EC0-301F-11D3-BF4B-00C04F79EFBC}") = "Examen_Practico_RA2_MariLeidyP", "Examen_Practico_RA2_MariLeidyP\Examen_Practico_RA2_MariLeidyP.csproj", "{13E35E3E-C84A-4D57-A749-37615D5C728A}"
EndProject
Global
	GlobalSection(SolutionConfigurationPlatforms) = preSolution
		Debug|Any CPU = Debug|Any CPU
		Release|Any CPU = Release|Any CPU
	EndGlobalSection
	GlobalSection(ProjectConfigurationPlatforms) = postSolution
		{13E35E3E-C84A-4D57-A749-37615D5C728A}.Debug|Any CPU.ActiveCfg = Debug|Any CPU
		{13E35E3E-C84A-4D57-A749-37615D5C728A}.Debug|Any CPU.Build.0 = Debug|Any CPU
		{13E35E3E-C84A-4D57-A749-37615D5C728A}.Release|Any CPU.ActiveCfg = Release|Any CPU
		{13E35E3E-C84A-4D57-A749-37615D5C728A}.Release|Any CPU.Build.0 = Release|Any CPU
	EndGlobalSection
	GlobalSection(SolutionProperties) = preSolution
		HideSolutionNode = FALSE
	EndGlobalSection
	GlobalSection(ExtensibilityGlobals) = postSolution
		SolutionGuid = {577922D4-771F-4F03-9CAC-584362771E06}
	EndGlobalSection
EndGlobal
